
Microsoft Visual Studio Solution File, Format Version 12.00
# Visual Studio Version 17
VisualStudioVersion = 17.12.35521.163 d17.12
MinimumVisualStudioVersion = 10.0.40219.1
Project("{FAE04EC0-301F-11D3-BF4B-00C04F79EFBC}") = "Task_1", "Task_1\Task_1.csproj", "{0ADCEE7F-1309-4CB3-88E4-FAA1B967DB30}"
EndProject
Project("{FAE04EC0-301F-11D3-BF4B-00C04F79EFBC}") = "Task_2", "Task_2\Task_2.csproj", "{A84FD1F6-5081-41DA-BF50-ACDA2D4C91CD}"
EndProject
Global
	GlobalSection(SolutionConfigurationPlatforms) = preSolution
		Debug|Any CPU = Debug|Any CPU
		Release|Any CPU = Release|Any CPU
	EndGlobalSection
	GlobalSection(ProjectConfigurationPlatforms) = postSolution
		{0ADCEE7F-1309-4CB3-88E4-FAA1B967DB30}.Debug|Any CPU.ActiveCfg = Debug|Any CPU
		{0ADCEE7F-1309-4CB3-88E4-FAA1B967DB30}.Debug|Any CPU.Build.0 = Debug|Any CPU
		{0ADCEE7F-1309-4CB3-88E4-FAA1B967DB30}.Release|Any CPU.ActiveCfg = Release|Any CPU
		{0ADCEE7F-1309-4CB3-88E4-FAA1B967DB30}.Release|Any CPU.Build.0 = Release|Any CPU
		{A84FD1F6-5081-41DA-BF50-ACDA2D4C91CD}.Debug|Any CPU.ActiveCfg = Debug|Any CPU
		{A84FD1F6-5081-41DA-BF50-ACDA2D4C91CD}.Debug|Any CPU.Build.0 = Debug|Any CPU
		{A84FD1F6-5081-41DA-BF50-ACDA2D4C91CD}.Release|Any CPU.ActiveCfg = Release|Any CPU
		{A84FD1F6-5081-41DA-BF50-ACDA2D4C91CD}.Release|Any CPU.Build.0 = Release|Any CPU
	EndGlobalSection
	GlobalSection(SolutionProperties) = preSolution
		HideSolutionNode = FALSE
	EndGlobalSection
EndGlobal
